// !$*UTF8*$!
{
	archiveVersion = 1;
	classes = {
	};
	objectVersion = 52;
	objects = {

/* Begin PBXBuildFile section */
		C1A71C2E241A3703006BFA4C /* LocationsCarouselController.swift in Sources */ = {isa = PBXBuildFile; fileRef = C1A71C2D241A3703006BFA4C /* LocationsCarouselController.swift */; };
		C1A71C30241A7857006BFA4C /* MKMapItem+address.swift in Sources */ = {isa = PBXBuildFile; fileRef = C1A71C2F241A7857006BFA4C /* MKMapItem+address.swift */; };
		C1A71C33241F9CFB006BFA4C /* DirectionsController.swift in Sources */ = {isa = PBXBuildFile; fileRef = C1A71C32241F9CF6006BFA4C /* DirectionsController.swift */; };
		C1EE87152416100B0072E568 /* AppDelegate.swift in Sources */ = {isa = PBXBuildFile; fileRef = C1EE87142416100B0072E568 /* AppDelegate.swift */; };
		C1EE87172416100B0072E568 /* SceneDelegate.swift in Sources */ = {isa = PBXBuildFile; fileRef = C1EE87162416100B0072E568 /* SceneDelegate.swift */; };
		C1EE87192416100B0072E568 /* ContentView.swift in Sources */ = {isa = PBXBuildFile; fileRef = C1EE87182416100B0072E568 /* ContentView.swift */; };
		C1EE871B2416100E0072E568 /* Assets.xcassets in Resources */ = {isa = PBXBuildFile; fileRef = C1EE871A2416100E0072E568 /* Assets.xcassets */; };
		C1EE871E2416100E0072E568 /* Preview Assets.xcassets in Resources */ = {isa = PBXBuildFile; fileRef = C1EE871D2416100E0072E568 /* Preview Assets.xcassets */; };
		C1EE87212416100E0072E568 /* LaunchScreen.storyboard in Resources */ = {isa = PBXBuildFile; fileRef = C1EE871F2416100E0072E568 /* LaunchScreen.storyboard */; };
		C1EE872A2418578C0072E568 /* MainController.swift in Sources */ = {isa = PBXBuildFile; fileRef = C1EE87292418578C0072E568 /* MainController.swift */; };
		C1EE872D24185B970072E568 /* LBTATools in Frameworks */ = {isa = PBXBuildFile; productRef = C1EE872C24185B970072E568 /* LBTATools */; };
/* End PBXBuildFile section */

/* Begin PBXFileReference section */
		C1A71C2D241A3703006BFA4C /* LocationsCarouselController.swift */ = {isa = PBXFileReference; lastKnownFileType = sourcecode.swift; path = LocationsCarouselController.swift; sourceTree = "<group>"; };
		C1A71C2F241A7857006BFA4C /* MKMapItem+address.swift */ = {isa = PBXFileReference; lastKnownFileType = sourcecode.swift; path = "MKMapItem+address.swift"; sourceTree = "<group>"; };
		C1A71C32241F9CF6006BFA4C /* DirectionsController.swift */ = {isa = PBXFileReference; lastKnownFileType = sourcecode.swift; path = DirectionsController.swift; sourceTree = "<group>"; };
		C1EE87112416100B0072E568 /* Maps_SwiftUI.app */ = {isa = PBXFileReference; explicitFileType = wrapper.application; includeInIndex = 0; path = Maps_SwiftUI.app; sourceTree = BUILT_PRODUCTS_DIR; };
		C1EE87142416100B0072E568 /* AppDelegate.swift */ = {isa = PBXFileReference; lastKnownFileType = sourcecode.swift; path = AppDelegate.swift; sourceTree = "<group>"; };
		C1EE87162416100B0072E568 /* SceneDelegate.swift */ = {isa = PBXFileReference; lastKnownFileType = sourcecode.swift; path = SceneDelegate.swift; sourceTree = "<group>"; };
		C1EE87182416100B0072E568 /* ContentView.swift */ = {isa = PBXFileReference; lastKnownFileType = sourcecode.swift; path = ContentView.swift; sourceTree = "<group>"; };
		C1EE871A2416100E0072E568 /* Assets.xcassets */ = {isa = PBXFileReference; lastKnownFileType = folder.assetcatalog; path = Assets.xcassets; sourceTree = "<group>"; };
		C1EE871D2416100E0072E568 /* Preview Assets.xcassets */ = {isa = PBXFileReference; lastKnownFileType = folder.assetcatalog; path = "Preview Assets.xcassets"; sourceTree = "<group>"; };
		C1EE87202416100E0072E568 /* Base */ = {isa = PBXFileReference; lastKnownFileType = file.storyboard; name = Base; path = Base.lproj/LaunchScreen.storyboard; sourceTree = "<group>"; };
		C1EE87222416100E0072E568 /* Info.plist */ = {isa = PBXFileReference; lastKnownFileType = text.plist.xml; path = Info.plist; sourceTree = "<group>"; };
		C1EE87292418578C0072E568 /* MainController.swift */ = {isa = PBXFileReference; lastKnownFileType = sourcecode.swift; path = MainController.swift; sourceTree = "<group>"; };
/* End PBXFileReference section */

/* Begin PBXFrameworksBuildPhase section */
		C1EE870E2416100B0072E568 /* Frameworks */ = {
			isa = PBXFrameworksBuildPhase;
			buildActionMask = 2147483647;
			files = (
				C1EE872D24185B970072E568 /* LBTATools in Frameworks */,
			);
			runOnlyForDeploymentPostprocessing = 0;
		};
/* End PBXFrameworksBuildPhase section */

/* Begin PBXGroup section */
		C1A71C31241F9CBD006BFA4C /* Directions */ = {
			isa = PBXGroup;
			children = (
				C1A71C32241F9CF6006BFA4C /* DirectionsController.swift */,
			);
			path = Directions;
			sourceTree = "<group>";
		};
		C1EE87082416100B0072E568 = {
			isa = PBXGroup;
			children = (
				C1EE87132416100B0072E568 /* Maps_SwiftUI */,
				C1EE87122416100B0072E568 /* Products */,
			);
			sourceTree = "<group>";
		};
		C1EE87122416100B0072E568 /* Products */ = {
			isa = PBXGroup;
			children = (
				C1EE87112416100B0072E568 /* Maps_SwiftUI.app */,
			);
			name = Products;
			sourceTree = "<group>";
		};
		C1EE87132416100B0072E568 /* Maps_SwiftUI */ = {
			isa = PBXGroup;
			children = (
				C1A71C31241F9CBD006BFA4C /* Directions */,
				C1EE872824162DA50072E568 /* Main */,
				C1EE87142416100B0072E568 /* AppDelegate.swift */,
				C1EE87162416100B0072E568 /* SceneDelegate.swift */,
				C1EE87182416100B0072E568 /* ContentView.swift */,
				C1EE871A2416100E0072E568 /* Assets.xcassets */,
				C1EE871F2416100E0072E568 /* LaunchScreen.storyboard */,
				C1EE87222416100E0072E568 /* Info.plist */,
				C1EE871C2416100E0072E568 /* Preview Content */,
			);
			path = Maps_SwiftUI;
			sourceTree = "<group>";
		};
		C1EE871C2416100E0072E568 /* Preview Content */ = {
			isa = PBXGroup;
			children = (
				C1EE871D2416100E0072E568 /* Preview Assets.xcassets */,
			);
			path = "Preview Content";
			sourceTree = "<group>";
		};
		C1EE872824162DA50072E568 /* Main */ = {
			isa = PBXGroup;
			children = (
				C1EE87292418578C0072E568 /* MainController.swift */,
				C1A71C2D241A3703006BFA4C /* LocationsCarouselController.swift */,
				C1A71C2F241A7857006BFA4C /* MKMapItem+address.swift */,
			);
			path = Main;
			sourceTree = "<group>";
		};
/* End PBXGroup section */

/* Begin PBXNativeTarget section */
		C1EE87102416100B0072E568 /* Maps_SwiftUI */ = {
			isa = PBXNativeTarget;
			buildConfigurationList = C1EE87252416100E0072E568 /* Build configuration list for PBXNativeTarget "Maps_SwiftUI" */;
			buildPhases = (
				C1EE870D2416100B0072E568 /* Sources */,
				C1EE870E2416100B0072E568 /* Frameworks */,
				C1EE870F2416100B0072E568 /* Resources */,
			);
			buildRules = (
			);
			dependencies = (
			);
			name = Maps_SwiftUI;
			packageProductDependencies = (
				C1EE872C24185B970072E568 /* LBTATools */,
			);
			productName = Maps_SwiftUI;
			productReference = C1EE87112416100B0072E568 /* Maps_SwiftUI.app */;
			productType = "com.apple.product-type.application";
		};
/* End PBXNativeTarget section */

/* Begin PBXProject section */
		C1EE87092416100B0072E568 /* Project object */ = {
			isa = PBXProject;
			attributes = {
				LastSwiftUpdateCheck = 1130;
				LastUpgradeCheck = 1130;
				ORGANIZATIONNAME = "Masahiro Toyooka";
				TargetAttributes = {
					C1EE87102416100B0072E568 = {
						CreatedOnToolsVersion = 11.3.1;
					};
				};
			};
			buildConfigurationList = C1EE870C2416100B0072E568 /* Build configuration list for PBXProject "Maps_SwiftUI" */;
			compatibilityVersion = "Xcode 9.3";
			developmentRegion = en;
			hasScannedForEncodings = 0;
			knownRegions = (
				en,
				Base,
			);
			mainGroup = C1EE87082416100B0072E568;
			packageReferences = (
				C1EE872B24185B970072E568 /* XCRemoteSwiftPackageReference "LBTATools" */,
			);
			productRefGroup = C1EE87122416100B0072E568 /* Products */;
			projectDirPath = "";
			projectRoot = "";
			targets = (
				C1EE87102416100B0072E568 /* Maps_SwiftUI */,
			);
		};
/* End PBXProject section */

/* Begin PBXResourcesBuildPhase section */
		C1EE870F2416100B0072E568 /* Resources */ = {
			isa = PBXResourcesBuildPhase;
			buildActionMask = 2147483647;
			files = (
				C1EE87212416100E0072E568 /* LaunchScreen.storyboard in Resources */,
				C1EE871E2416100E0072E568 /* Preview Assets.xcassets in Resources */,
				C1EE871B2416100E0072E568 /* Assets.xcassets in Resources */,
			);
			runOnlyForDeploymentPostprocessing = 0;
		};
/* End PBXResourcesBuildPhase section */

/* Begin PBXSourcesBuildPhase section */
		C1EE870D2416100B0072E568 /* Sources */ = {
			isa = PBXSourcesBuildPhase;
			buildActionMask = 2147483647;
			files = (
				C1EE872A2418578C0072E568 /* MainController.swift in Sources */,
				C1EE87152416100B0072E568 /* AppDelegate.swift in Sources */,
				C1A71C33241F9CFB006BFA4C /* DirectionsController.swift in Sources */,
				C1A71C30241A7857006BFA4C /* MKMapItem+address.swift in Sources */,
				C1EE87172416100B0072E568 /* SceneDelegate.swift in Sources */,
				C1A71C2E241A3703006BFA4C /* LocationsCarouselController.swift in Sources */,
				C1EE87192416100B0072E568 /* ContentView.swift in Sources */,
			);
			runOnlyForDeploymentPostprocessing = 0;
		};
/* End PBXSourcesBuildPhase section */

/* Begin PBXVariantGroup section */
		C1EE871F2416100E0072E568 /* LaunchScreen.storyboard */ = {
			isa = PBXVariantGroup;
			children = (
				C1EE87202416100E0072E568 /* Base */,
			);
			name = LaunchScreen.storyboard;
			sourceTree = "<group>";
		};
/* End PBXVariantGroup section */

/* Begin XCBuildConfiguration section */
		C1EE87232416100E0072E568 /* Debug */ = {
			isa = XCBuildConfiguration;
			buildSettings = {
				ALWAYS_SEARCH_USER_PATHS = NO;
				CLANG_ANALYZER_NONNULL = YES;
				CLANG_ANALYZER_NUMBER_OBJECT_CONVERSION = YES_AGGRESSIVE;
				CLANG_CXX_LANGUAGE_STANDARD = "gnu++14";
				CLANG_CXX_LIBRARY = "libc++";
				CLANG_ENABLE_MODULES = YES;
				CLANG_ENABLE_OBJC_ARC = YES;
				CLANG_ENABLE_OBJC_WEAK = YES;
				CLANG_WARN_BLOCK_CAPTURE_AUTORELEASING = YES;
				CLANG_WARN_BOOL_CONVERSION = YES;
				CLANG_WARN_COMMA = YES;
				CLANG_WARN_CONSTANT_CONVERSION = YES;
				CLANG_WARN_DEPRECATED_OBJC_IMPLEMENTATIONS = YES;
				CLANG_WARN_DIRECT_OBJC_ISA_USAGE = YES_ERROR;
				CLANG_WARN_DOCUMENTATION_COMMENTS = YES;
				CLANG_WARN_EMPTY_BODY = YES;
				CLANG_WARN_ENUM_CONVERSION = YES;
				CLANG_WARN_INFINITE_RECURSION = YES;
				CLANG_WARN_INT_CONVERSION = YES;
				CLANG_WARN_NON_LITERAL_NULL_CONVERSION = YES;
				CLANG_WARN_OBJC_IMPLICIT_RETAIN_SELF = YES;
				CLANG_WARN_OBJC_LITERAL_CONVERSION = YES;
				CLANG_WARN_OBJC_ROOT_CLASS = YES_ERROR;
				CLANG_WARN_RANGE_LOOP_ANALYSIS = YES;
				CLANG_WARN_STRICT_PROTOTYPES = YES;
				CLANG_WARN_SUSPICIOUS_MOVE = YES;
				CLANG_WARN_UNGUARDED_AVAILABILITY = YES_AGGRESSIVE;
				CLANG_WARN_UNREACHABLE_CODE = YES;
				CLANG_WARN__DUPLICATE_METHOD_MATCH = YES;
				COPY_PHASE_STRIP = NO;
				DEBUG_INFORMATION_FORMAT = dwarf;
				ENABLE_STRICT_OBJC_MSGSEND = YES;
				ENABLE_TESTABILITY = YES;
				GCC_C_LANGUAGE_STANDARD = gnu11;
				GCC_DYNAMIC_NO_PIC = NO;
				GCC_NO_COMMON_BLOCKS = YES;
				GCC_OPTIMIZATION_LEVEL = 0;
				GCC_PREPROCESSOR_DEFINITIONS = (
					"DEBUG=1",
					"$(inherited)",
				);
				GCC_WARN_64_TO_32_BIT_CONVERSION = YES;
				GCC_WARN_ABOUT_RETURN_TYPE = YES_ERROR;
				GCC_WARN_UNDECLARED_SELECTOR = YES;
				GCC_WARN_UNINITIALIZED_AUTOS = YES_AGGRESSIVE;
				GCC_WARN_UNUSED_FUNCTION = YES;
				GCC_WARN_UNUSED_VARIABLE = YES;
				IPHONEOS_DEPLOYMENT_TARGET = 13.2;
				MTL_ENABLE_DEBUG_INFO = INCLUDE_SOURCE;
				MTL_FAST_MATH = YES;
				ONLY_ACTIVE_ARCH = YES;
				SDKROOT = iphoneos;
				SWIFT_ACTIVE_COMPILATION_CONDITIONS = DEBUG;
				SWIFT_OPTIMIZATION_LEVEL = "-Onone";
			};
			name = Debug;
		};
		C1EE87242416100E0072E568 /* Release */ = {
			isa = XCBuildConfiguration;
			buildSettings = {
				ALWAYS_SEARCH_USER_PATHS = NO;
				CLANG_ANALYZER_NONNULL = YES;
				CLANG_ANALYZER_NUMBER_OBJECT_CONVERSION = YES_AGGRESSIVE;
				CLANG_CXX_LANGUAGE_STANDARD = "gnu++14";
				CLANG_CXX_LIBRARY = "libc++";
				CLANG_ENABLE_MODULES = YES;
				CLANG_ENABLE_OBJC_ARC = YES;
				CLANG_ENABLE_OBJC_WEAK = YES;
				CLANG_WARN_BLOCK_CAPTURE_AUTORELEASING = YES;
				CLANG_WARN_BOOL_CONVERSION = YES;
				CLANG_WARN_COMMA = YES;
				CLANG_WARN_CONSTANT_CONVERSION = YES;
				CLANG_WARN_DEPRECATED_OBJC_IMPLEMENTATIONS = YES;
				CLANG_WARN_DIRECT_OBJC_ISA_USAGE = YES_ERROR;
				CLANG_WARN_DOCUMENTATION_COMMENTS = YES;
				CLANG_WARN_EMPTY_BODY = YES;
				CLANG_WARN_ENUM_CONVERSION = YES;
				CLANG_WARN_INFINITE_RECURSION = YES;
				CLANG_WARN_INT_CONVERSION = YES;
				CLANG_WARN_NON_LITERAL_NULL_CONVERSION = YES;
				CLANG_WARN_OBJC_IMPLICIT_RETAIN_SELF = YES;
				CLANG_WARN_OBJC_LITERAL_CONVERSION = YES;
				CLANG_WARN_OBJC_ROOT_CLASS = YES_ERROR;
				CLANG_WARN_RANGE_LOOP_ANALYSIS = YES;
				CLANG_WARN_STRICT_PROTOTYPES = YES;
				CLANG_WARN_SUSPICIOUS_MOVE = YES;
				CLANG_WARN_UNGUARDED_AVAILABILITY = YES_AGGRESSIVE;
				CLANG_WARN_UNREACHABLE_CODE = YES;
				CLANG_WARN__DUPLICATE_METHOD_MATCH = YES;
				COPY_PHASE_STRIP = NO;
				DEBUG_INFORMATION_FORMAT = "dwarf-with-dsym";
				ENABLE_NS_ASSERTIONS = NO;
				ENABLE_STRICT_OBJC_MSGSEND = YES;
				GCC_C_LANGUAGE_STANDARD = gnu11;
				GCC_NO_COMMON_BLOCKS = YES;
				GCC_WARN_64_TO_32_BIT_CONVERSION = YES;
				GCC_WARN_ABOUT_RETURN_TYPE = YES_ERROR;
				GCC_WARN_UNDECLARED_SELECTOR = YES;
				GCC_WARN_UNINITIALIZED_AUTOS = YES_AGGRESSIVE;
				GCC_WARN_UNUSED_FUNCTION = YES;
				GCC_WARN_UNUSED_VARIABLE = YES;
				IPHONEOS_DEPLOYMENT_TARGET = 13.2;
				MTL_ENABLE_DEBUG_INFO = NO;
				MTL_FAST_MATH = YES;
				SDKROOT = iphoneos;
				SWIFT_COMPILATION_MODE = wholemodule;
				SWIFT_OPTIMIZATION_LEVEL = "-O";
				VALIDATE_PRODUCT = YES;
			};
			name = Release;
		};
		C1EE87262416100E0072E568 /* Debug */ = {
			isa = XCBuildConfiguration;
			buildSettings = {
				ASSETCATALOG_COMPILER_APPICON_NAME = AppIcon;
				CODE_SIGN_STYLE = Automatic;
				DEVELOPMENT_ASSET_PATHS = "\"Maps_SwiftUI/Preview Content\"";
				DEVELOPMENT_TEAM = 77P3HR8235;
				ENABLE_PREVIEWS = YES;
				INFOPLIST_FILE = Maps_SwiftUI/Info.plist;
				LD_RUNPATH_SEARCH_PATHS = (
					"$(inherited)",
					"@executable_path/Frameworks",
				);
				PRODUCT_BUNDLE_IDENTIFIER = "com.litech.Maps-SwiftUI";
				PRODUCT_NAME = "$(TARGET_NAME)";
				SWIFT_VERSION = 5.0;
				TARGETED_DEVICE_FAMILY = "1,2";
			};
			name = Debug;
		};
		C1EE87272416100E0072E568 /* Release */ = {
			isa = XCBuildConfiguration;
			buildSettings = {
				ASSETCATALOG_COMPILER_APPICON_NAME = AppIcon;
				CODE_SIGN_STYLE = Automatic;
				DEVELOPMENT_ASSET_PATHS = "\"Maps_SwiftUI/Preview Content\"";
				DEVELOPMENT_TEAM = 77P3HR8235;
				ENABLE_PREVIEWS = YES;
				INFOPLIST_FILE = Maps_SwiftUI/Info.plist;
				LD_RUNPATH_SEARCH_PATHS = (
					"$(inherited)",
					"@executable_path/Frameworks",
				);
				PRODUCT_BUNDLE_IDENTIFIER = "com.litech.Maps-SwiftUI";
				PRODUCT_NAME = "$(TARGET_NAME)";
				SWIFT_VERSION = 5.0;
				TARGETED_DEVICE_FAMILY = "1,2";
			};
			name = Release;
		};
/* End XCBuildConfiguration section */

/* Begin XCConfigurationList section */
		C1EE870C2416100B0072E568 /* Build configuration list for PBXProject "Maps_SwiftUI" */ = {
			isa = XCConfigurationList;
			buildConfigurations = (
				C1EE87232416100E0072E568 /* Debug */,
				C1EE87242416100E0072E568 /* Release */,
			);
			defaultConfigurationIsVisible = 0;
			defaultConfigurationName = Release;
		};
		C1EE87252416100E0072E568 /* Build configuration list for PBXNativeTarget "Maps_SwiftUI" */ = {
			isa = XCConfigurationList;
			buildConfigurations = (
				C1EE87262416100E0072E568 /* Debug */,
				C1EE87272416100E0072E568 /* Release */,
			);
			defaultConfigurationIsVisible = 0;
			defaultConfigurationName = Release;
		};
/* End XCConfigurationList section */

/* Begin XCRemoteSwiftPackageReference section */
		C1EE872B24185B970072E568 /* XCRemoteSwiftPackageReference "LBTATools" */ = {
			isa = XCRemoteSwiftPackageReference;
			repositoryURL = "https://github.com/bhlvoong/LBTATools";
			requirement = {
				kind = upToNextMajorVersion;
				minimumVersion = 1.0.17;
			};
		};
/* End XCRemoteSwiftPackageReference section */

/* Begin XCSwiftPackageProductDependency section */
		C1EE872C24185B970072E568 /* LBTATools */ = {
			isa = XCSwiftPackageProductDependency;
			package = C1EE872B24185B970072E568 /* XCRemoteSwiftPackageReference "LBTATools" */;
			productName = LBTATools;
		};
/* End XCSwiftPackageProductDependency section */
	};
	rootObject = C1EE87092416100B0072E568 /* Project object */;
}
